
Microsoft Visual Studio Solution File, Format Version 12.00
# Visual Studio Version 16
VisualStudioVersion = 16.0.29920.165
MinimumVisualStudioVersion = 10.0.40219.1
Project("{FAE04EC0-301F-11D3-BF4B-00C04F79EFBC}") = "TrabalhandoComTasks", "TrabalhandoComTasks\TrabalhandoComTasks.csproj", "{2E31E780-0A0E-4504-9086-8F04BE732049}"
EndProject
Global
	GlobalSection(SolutionConfigurationPlatforms) = preSolution
		Debug|Any CPU = Debug|Any CPU
		Release|Any CPU = Release|Any CPU
	EndGlobalSection
	GlobalSection(ProjectConfigurationPlatforms) = postSolution
		{2E31E780-0A0E-4504-9086-8F04BE732049}.Debug|Any CPU.ActiveCfg = Debug|Any CPU
		{2E31E780-0A0E-4504-9086-8F04BE732049}.Debug|Any CPU.Build.0 = Debug|Any CPU
		{2E31E780-0A0E-4504-9086-8F04BE732049}.Release|Any CPU.ActiveCfg = Release|Any CPU
		{2E31E780-0A0E-4504-9086-8F04BE732049}.Release|Any CPU.Build.0 = Release|Any CPU
	EndGlobalSection
	GlobalSection(SolutionProperties) = preSolution
		HideSolutionNode = FALSE
	EndGlobalSection
	GlobalSection(ExtensibilityGlobals) = postSolution
		SolutionGuid = {8DCE6C6F-BA21-4A82-B31B-181564A4AA69}
	EndGlobalSection
EndGlobal
